Microsoft Visual Studio Solution File, Format Version 12.00
# Visual Studio Version 17
VisualStudioVersion = 17.5.2.0
MinimumVisualStudioVersion = 10.0.40219.1
Project("{2150E333-8FDC-42A3-9474-1A3956D46DE8}") = "Server", "Server", "{DAD03CFC-D5FA-AC94-41C7-9ABAB326F09E}"
EndProject
Project("{FAE04EC0-301F-11D3-BF4B-00C04F79EFBC}") = "Server.API", "Server\Server.API\Server.API.csproj", "{7697B266-640E-CEF9-CC18-13EF5221E2FF}"
EndProject
Project("{FAE04EC0-301F-11D3-BF4B-00C04F79EFBC}") = "Server.Application", "Server\Server.Application\Server.Application.csproj", "{24ED4DA2-3CD5-DE19-9FAC-99DB2CAB0C98}"
EndProject
Project("{FAE04EC0-301F-11D3-BF4B-00C04F79EFBC}") = "Server.Domain", "Server\Server.Domain\Server.Domain.csproj", "{87C436A5-C1E2-051C-C8CE-61B572FE4746}"
EndProject
Project("{FAE04EC0-301F-11D3-BF4B-00C04F79EFBC}") = "Server.Persistence", "Server\Server.Persistence\Server.Persistence.csproj", "{640576DC-3A29-2363-D48D-2B98D6FA8424}"
EndProject
Global
	GlobalSection(SolutionConfigurationPlatforms) = preSolution
		Debug|Any CPU = Debug|Any CPU
		Release|Any CPU = Release|Any CPU
	EndGlobalSection
	GlobalSection(ProjectConfigurationPlatforms) = postSolution
		{7697B266-640E-CEF9-CC18-13EF5221E2FF}.Debug|Any CPU.ActiveCfg = Debug|Any CPU
		{7697B266-640E-CEF9-CC18-13EF5221E2FF}.Debug|Any CPU.Build.0 = Debug|Any CPU
		{7697B266-640E-CEF9-CC18-13EF5221E2FF}.Release|Any CPU.ActiveCfg = Release|Any CPU
		{7697B266-640E-CEF9-CC18-13EF5221E2FF}.Release|Any CPU.Build.0 = Release|Any CPU
		{24ED4DA2-3CD5-DE19-9FAC-99DB2CAB0C98}.Debug|Any CPU.ActiveCfg = Debug|Any CPU
		{24ED4DA2-3CD5-DE19-9FAC-99DB2CAB0C98}.Debug|Any CPU.Build.0 = Debug|Any CPU
		{24ED4DA2-3CD5-DE19-9FAC-99DB2CAB0C98}.Release|Any CPU.ActiveCfg = Release|Any CPU
		{24ED4DA2-3CD5-DE19-9FAC-99DB2CAB0C98}.Release|Any CPU.Build.0 = Release|Any CPU
		{87C436A5-C1E2-051C-C8CE-61B572FE4746}.Debug|Any CPU.ActiveCfg = Debug|Any CPU
		{87C436A5-C1E2-051C-C8CE-61B572FE4746}.Debug|Any CPU.Build.0 = Debug|Any CPU
		{87C436A5-C1E2-051C-C8CE-61B572FE4746}.Release|Any CPU.ActiveCfg = Release|Any CPU
		{87C436A5-C1E2-051C-C8CE-61B572FE4746}.Release|Any CPU.Build.0 = Release|Any CPU
		{640576DC-3A29-2363-D48D-2B98D6FA8424}.Debug|Any CPU.ActiveCfg = Debug|Any CPU
		{640576DC-3A29-2363-D48D-2B98D6FA8424}.Debug|Any CPU.Build.0 = Debug|Any CPU
		{640576DC-3A29-2363-D48D-2B98D6FA8424}.Release|Any CPU.ActiveCfg = Release|Any CPU
		{640576DC-3A29-2363-D48D-2B98D6FA8424}.Release|Any CPU.Build.0 = Release|Any CPU
	EndGlobalSection
	GlobalSection(SolutionProperties) = preSolution
		HideSolutionNode = FALSE
	EndGlobalSection
	GlobalSection(NestedProjects) = preSolution
		{7697B266-640E-CEF9-CC18-13EF5221E2FF} = {DAD03CFC-D5FA-AC94-41C7-9ABAB326F09E}
		{24ED4DA2-3CD5-DE19-9FAC-99DB2CAB0C98} = {DAD03CFC-D5FA-AC94-41C7-9ABAB326F09E}
		{87C436A5-C1E2-051C-C8CE-61B572FE4746} = {DAD03CFC-D5FA-AC94-41C7-9ABAB326F09E}
		{640576DC-3A29-2363-D48D-2B98D6FA8424} = {DAD03CFC-D5FA-AC94-41C7-9ABAB326F09E}
	EndGlobalSection
	GlobalSection(ExtensibilityGlobals) = postSolution
		SolutionGuid = {807D4379-E8E8-47B2-B87E-DBF88CB6B75D}
	EndGlobalSection
EndGlobal
